github.com/zmaxic1978/FooModule v1.0.0 h1:CUX+QeBiWVGHgsBfA4OEMnr0OalALOi37I0PdOfVUBM=
github.com/zmaxic1978/FooModule v1.0.0/go.mod h1:8hVL3C51PltTlwhQlXyYt+QBLfoPZNTHp/92gkmVNvE=
github.com/zmaxic1978/FooModule v1.1.0 h1:xr9YUt22ZGX68AOaWA/LiNRyJXXRxFCpih32l+OL4HM=
github.com/zmaxic1978/FooModule v1.1.0/go.mod h1:8hVL3C51PltTlwhQlXyYt+QBLfoPZNTHp/92gkmVNvE=
